
Microsoft Visual Studio Solution File, Format Version 12.00
# Visual Studio Version 17
VisualStudioVersion = 17.5.002.0
MinimumVisualStudioVersion = 10.0.40219.1
Project("{9A19103F-16F7-4668-BE54-9A1E7A4F7556}") = "APL2003", "APL2003.csproj", "{7473F73F-9F72-4FB0-AE84-E547F681A210}"
EndProject
Global
	GlobalSection(SolutionConfigurationPlatforms) = preSolution
		Debug|Any CPU = Debug|Any CPU
		Release|Any CPU = Release|Any CPU
	EndGlobalSection
	GlobalSection(ProjectConfigurationPlatforms) = postSolution
		{7473F73F-9F72-4FB0-AE84-E547F681A210}.Debug|Any CPU.ActiveCfg = Debug|Any CPU
		{7473F73F-9F72-4FB0-AE84-E547F681A210}.Debug|Any CPU.Build.0 = Debug|Any CPU
		{7473F73F-9F72-4FB0-AE84-E547F681A210}.Release|Any CPU.ActiveCfg = Release|Any CPU
		{7473F73F-9F72-4FB0-AE84-E547F681A210}.Release|Any CPU.Build.0 = Release|Any CPU
	EndGlobalSection
	GlobalSection(SolutionProperties) = preSolution
		HideSolutionNode = FALSE
	EndGlobalSection
	GlobalSection(ExtensibilityGlobals) = postSolution
		SolutionGuid = {C988261A-120A-412F-899D-970AE6873B83}
	EndGlobalSection
EndGlobal
